
Microsoft Visual Studio Solution File, Format Version 12.00
# Visual Studio Version 17
VisualStudioVersion = 17.5.33516.290
MinimumVisualStudioVersion = 10.0.40219.1
Project("{FAE04EC0-301F-11D3-BF4B-00C04F79EFBC}") = "WeatherAPI", "WeatherAPI\WeatherAPI.csproj", "{A85F8F5E-5F49-41FF-AD95-D744CD224282}"
EndProject
Project("{FAE04EC0-301F-11D3-BF4B-00C04F79EFBC}") = "Integracao", "Integracao\Integracao.csproj", "{5F68ADA4-F26B-4DFF-834F-CCC242B6613E}"
EndProject
Global
	GlobalSection(SolutionConfigurationPlatforms) = preSolution
		Debug|Any CPU = Debug|Any CPU
		Release|Any CPU = Release|Any CPU
	EndGlobalSection
	GlobalSection(ProjectConfigurationPlatforms) = postSolution
		{A85F8F5E-5F49-41FF-AD95-D744CD224282}.Debug|Any CPU.ActiveCfg = Debug|Any CPU
		{A85F8F5E-5F49-41FF-AD95-D744CD224282}.Debug|Any CPU.Build.0 = Debug|Any CPU
		{A85F8F5E-5F49-41FF-AD95-D744CD224282}.Release|Any CPU.ActiveCfg = Release|Any CPU
		{A85F8F5E-5F49-41FF-AD95-D744CD224282}.Release|Any CPU.Build.0 = Release|Any CPU
		{5F68ADA4-F26B-4DFF-834F-CCC242B6613E}.Debug|Any CPU.ActiveCfg = Debug|Any CPU
		{5F68ADA4-F26B-4DFF-834F-CCC242B6613E}.Debug|Any CPU.Build.0 = Debug|Any CPU
		{5F68ADA4-F26B-4DFF-834F-CCC242B6613E}.Release|Any CPU.ActiveCfg = Release|Any CPU
		{5F68ADA4-F26B-4DFF-834F-CCC242B6613E}.Release|Any CPU.Build.0 = Release|Any CPU
	EndGlobalSection
	GlobalSection(SolutionProperties) = preSolution
		HideSolutionNode = FALSE
	EndGlobalSection
	GlobalSection(ExtensibilityGlobals) = postSolution
		SolutionGuid = {FB84C2BE-C623-4138-B714-D83AA6A2BF9C}
	EndGlobalSection
EndGlobal
